
Microsoft Visual Studio Solution File, Format Version 11.00
# Visual Studio 2010
Project("{FAE04EC0-301F-11D3-BF4B-00C04F79EFBC}") = "DataAccess", "DataAccess\DataAccess.csproj", "{10050C27-2BC0-48CD-91FE-3C86E3D2536A}"
EndProject
Project("{FAE04EC0-301F-11D3-BF4B-00C04F79EFBC}") = "DataBusiness", "DataBusiness\DataBusiness.csproj", "{16C2030E-B487-47F2-BE24-F5E6C0A1CD5E}"
EndProject
Project("{FAE04EC0-301F-11D3-BF4B-00C04F79EFBC}") = "DataEntity", "DataEntity\DataEntity.csproj", "{A17B9535-F480-4449-BA55-64C970F45355}"
EndProject
Project("{FAE04EC0-301F-11D3-BF4B-00C04F79EFBC}") = "Equipment_Manager", "Equipment_Manager\Equipment_Manager.csproj", "{75A1B664-AC0C-4554-AAEB-A1E9DEB297E4}"
	ProjectSection(ProjectDependencies) = postProject
		{16C2030E-B487-47F2-BE24-F5E6C0A1CD5E} = {16C2030E-B487-47F2-BE24-F5E6C0A1CD5E}
		{10050C27-2BC0-48CD-91FE-3C86E3D2536A} = {10050C27-2BC0-48CD-91FE-3C86E3D2536A}
	EndProjectSection
EndProject
Project("{FAE04EC0-301F-11D3-BF4B-00C04F79EFBC}") = "CardReader", "CardReader\CardReader.csproj", "{8AD932C3-D7FD-47CD-8C86-D512A4B0B41F}"
EndProject
Global
	GlobalSection(SolutionConfigurationPlatforms) = preSolution
		Debug|Any CPU = Debug|Any CPU
		Debug|Mixed Platforms = Debug|Mixed Platforms
		Debug|x86 = Debug|x86
		Release|Any CPU = Release|Any CPU
		Release|Mixed Platforms = Release|Mixed Platforms
		Release|x86 = Release|x86
	EndGlobalSection
	GlobalSection(ProjectConfigurationPlatforms) = postSolution
		{10050C27-2BC0-48CD-91FE-3C86E3D2536A}.Debug|Any CPU.ActiveCfg = Debug|Any CPU
		{10050C27-2BC0-48CD-91FE-3C86E3D2536A}.Debug|Any CPU.Build.0 = Debug|Any CPU
		{10050C27-2BC0-48CD-91FE-3C86E3D2536A}.Debug|Mixed Platforms.ActiveCfg = Debug|Any CPU
		{10050C27-2BC0-48CD-91FE-3C86E3D2536A}.Debug|Mixed Platforms.Build.0 = Debug|Any CPU
		{10050C27-2BC0-48CD-91FE-3C86E3D2536A}.Debug|x86.ActiveCfg = Debug|Any CPU
		{10050C27-2BC0-48CD-91FE-3C86E3D2536A}.Release|Any CPU.ActiveCfg = Release|Any CPU
		{10050C27-2BC0-48CD-91FE-3C86E3D2536A}.Release|Any CPU.Build.0 = Release|Any CPU
		{10050C27-2BC0-48CD-91FE-3C86E3D2536A}.Release|Mixed Platforms.ActiveCfg = Release|Any CPU
		{10050C27-2BC0-48CD-91FE-3C86E3D2536A}.Release|Mixed Platforms.Build.0 = Release|Any CPU
		{10050C27-2BC0-48CD-91FE-3C86E3D2536A}.Release|x86.ActiveCfg = Release|Any CPU
		{16C2030E-B487-47F2-BE24-F5E6C0A1CD5E}.Debug|Any CPU.ActiveCfg = Debug|Any CPU
		{16C2030E-B487-47F2-BE24-F5E6C0A1CD5E}.Debug|Any CPU.Build.0 = Debug|Any CPU
		{16C2030E-B487-47F2-BE24-F5E6C0A1CD5E}.Debug|Mixed Platforms.ActiveCfg = Debug|Any CPU
		{16C2030E-B487-47F2-BE24-F5E6C0A1CD5E}.Debug|Mixed Platforms.Build.0 = Debug|Any CPU
		{16C2030E-B487-47F2-BE24-F5E6C0A1CD5E}.Debug|x86.ActiveCfg = Debug|Any CPU
		{16C2030E-B487-47F2-BE24-F5E6C0A1CD5E}.Release|Any CPU.ActiveCfg = Release|Any CPU
		{16C2030E-B487-47F2-BE24-F5E6C0A1CD5E}.Release|Any CPU.Build.0 = Release|Any CPU
		{16C2030E-B487-47F2-BE24-F5E6C0A1CD5E}.Release|Mixed Platforms.ActiveCfg = Release|Any CPU
		{16C2030E-B487-47F2-BE24-F5E6C0A1CD5E}.Release|Mixed Platforms.Build.0 = Release|Any CPU
		{16C2030E-B487-47F2-BE24-F5E6C0A1CD5E}.Release|x86.ActiveCfg = Release|Any CPU
		{A17B9535-F480-4449-BA55-64C970F45355}.Debug|Any CPU.ActiveCfg = Debug|Any CPU
		{A17B9535-F480-4449-BA55-64C970F45355}.Debug|Any CPU.Build.0 = Debug|Any CPU
		{A17B9535-F480-4449-BA55-64C970F45355}.Debug|Mixed Platforms.ActiveCfg = Debug|Any CPU
		{A17B9535-F480-4449-BA55-64C970F45355}.Debug|Mixed Platforms.Build.0 = Debug|Any CPU
		{A17B9535-F480-4449-BA55-64C970F45355}.Debug|x86.ActiveCfg = Debug|Any CPU
		{A17B9535-F480-4449-BA55-64C970F45355}.Release|Any CPU.ActiveCfg = Release|Any CPU
		{A17B9535-F480-4449-BA55-64C970F45355}.Release|Any CPU.Build.0 = Release|Any CPU
		{A17B9535-F480-4449-BA55-64C970F45355}.Release|Mixed Platforms.ActiveCfg = Release|Any CPU
		{A17B9535-F480-4449-BA55-64C970F45355}.Release|Mixed Platforms.Build.0 = Release|Any CPU
		{A17B9535-F480-4449-BA55-64C970F45355}.Release|x86.ActiveCfg = Release|Any CPU
		{75A1B664-AC0C-4554-AAEB-A1E9DEB297E4}.Debug|Any CPU.ActiveCfg = Debug|Any CPU
		{75A1B664-AC0C-4554-AAEB-A1E9DEB297E4}.Debug|Any CPU.Build.0 = Debug|Any CPU
		{75A1B664-AC0C-4554-AAEB-A1E9DEB297E4}.Debug|Mixed Platforms.ActiveCfg = Debug|Any CPU
		{75A1B664-AC0C-4554-AAEB-A1E9DEB297E4}.Debug|Mixed Platforms.Build.0 = Debug|Any CPU
		{75A1B664-AC0C-4554-AAEB-A1E9DEB297E4}.Debug|x86.ActiveCfg = Debug|Any CPU
		{75A1B664-AC0C-4554-AAEB-A1E9DEB297E4}.Release|Any CPU.ActiveCfg = Release|Any CPU
		{75A1B664-AC0C-4554-AAEB-A1E9DEB297E4}.Release|Any CPU.Build.0 = Release|Any CPU
		{75A1B664-AC0C-4554-AAEB-A1E9DEB297E4}.Release|Mixed Platforms.ActiveCfg = Release|Any CPU
		{75A1B664-AC0C-4554-AAEB-A1E9DEB297E4}.Release|Mixed Platforms.Build.0 = Release|Any CPU
		{75A1B664-AC0C-4554-AAEB-A1E9DEB297E4}.Release|x86.ActiveCfg = Release|Any CPU
		{8AD932C3-D7FD-47CD-8C86-D512A4B0B41F}.Debug|Any CPU.ActiveCfg = Debug|x86
		{8AD932C3-D7FD-47CD-8C86-D512A4B0B41F}.Debug|Mixed Platforms.ActiveCfg = Debug|x86
		{8AD932C3-D7FD-47CD-8C86-D512A4B0B41F}.Debug|Mixed Platforms.Build.0 = Debug|x86
		{8AD932C3-D7FD-47CD-8C86-D512A4B0B41F}.Debug|x86.ActiveCfg = Debug|x86
		{8AD932C3-D7FD-47CD-8C86-D512A4B0B41F}.Debug|x86.Build.0 = Debug|x86
		{8AD932C3-D7FD-47CD-8C86-D512A4B0B41F}.Release|Any CPU.ActiveCfg = Release|x86
		{8AD932C3-D7FD-47CD-8C86-D512A4B0B41F}.Release|Mixed Platforms.ActiveCfg = Release|x86
		{8AD932C3-D7FD-47CD-8C86-D512A4B0B41F}.Release|Mixed Platforms.Build.0 = Release|x86
		{8AD932C3-D7FD-47CD-8C86-D512A4B0B41F}.Release|x86.ActiveCfg = Release|x86
		{8AD932C3-D7FD-47CD-8C86-D512A4B0B41F}.Release|x86.Build.0 = Release|x86
	EndGlobalSection
	GlobalSection(SolutionProperties) = preSolution
		HideSolutionNode = FALSE
	EndGlobalSection
EndGlobal
